PATH
  remote: ../brute
  specs:
    brute (0.1.0)
      async (~> 2.0)
      llm.rb (~> 4.11)

PATH
  remote: .
  specs:
    brute_flow (0.1.0)
      bpmn (>= 0.4.0)
      brute (~> 0.1)

GEM
  remote: https://rubygems.org/
  specs:
    activemodel (8.1.3)
      activesupport (= 8.1.3)
    activesupport (8.1.3)
      base64
      bigdecimal
      concurrent-ruby (~> 1.0, >= 1.3.1)
      connection_pool (>= 2.2.5)
      drb
      i18n (>= 1.6, < 2)
      json
      logger (>= 1.4.2)
      minitest (>= 5.1)
      securerandom (>= 0.3)
      tzinfo (~> 2.0, >= 2.0.5)
      uri (>= 0.13.1)
    async (2.39.0)
      console (~> 1.29)
      fiber-annotation
      io-event (~> 1.11)
      metrics (~> 0.12)
      traces (~> 0.18)
    base64 (0.3.0)
    bigdecimal (4.1.1)
    bpmn (0.4.0)
      activemodel (>= 6.0)
      dmn (>= 0.4.0)
      xmlhasher (~> 1.0.7)
    concurrent-ruby (1.3.6)
    connection_pool (3.0.2)
    console (1.34.3)
      fiber-annotation
      fiber-local (~> 1.1)
      json
    dmn (0.4.0)
      activemodel (>= 6.0)
      activesupport (>= 6.0)
      feel (>= 0.4.0)
      ostruct
      xmlhasher (~> 1.0.7)
    drb (2.2.3)
    escape_utils (1.3.0)
    feel (0.4.0)
      activemodel (>= 6.0)
      activesupport (>= 6.0)
      ostruct
      treetop (>= 1.6.14)
    fiber-annotation (0.2.0)
    fiber-local (1.1.0)
      fiber-storage
    fiber-storage (1.0.1)
    i18n (1.14.8)
      concurrent-ruby (~> 1.0)
    io-event (1.15.1)
    json (2.19.3)
    llm.rb (4.11.0)
    logger (1.7.0)
    metrics (0.15.0)
    minitest (6.0.3)
      drb (~> 2.0)
      prism (~> 1.5)
    ostruct (0.6.3)
    ox (2.14.23)
      bigdecimal (>= 3.0)
    polyglot (0.3.5)
    prism (1.9.0)
    securerandom (0.4.1)
    traces (0.18.2)
    treetop (1.6.18)
      polyglot (~> 0.3)
    tzinfo (2.0.6)
      concurrent-ruby (~> 1.0)
    uri (1.1.1)
    xmlhasher (1.0.7)
      escape_utils (~> 1.2)
      ox (~> 2.11)

PLATFORMS
  ruby
  x86_64-linux

DEPENDENCIES
  brute!
  brute_flow!

BUNDLED WITH
   2.6.9
